{
  "name": "my-blog",
  "version": "0.1.0",
  "lockfileVersion": 1,
  "requires": true,
  "dependencies": {
    "@vue/cli-plugin-babel": {
      "version": "3.4.1",
      "resolved": "https://registry.npmjs.org/@vue/cli-plugin-babel/-/cli-plugin-babel-3.4.1.tgz",
      "integrity": "sha512-KimYe71sU7elxjUUN4U8+/mggoDSZE9ooYA0CCZdSR+Le0LDF65Kd7PdgE2MODESYCpsMccuA0peM7nVzoBU2A==",
      "dev": true
    },
    "@vue/cli-plugin-eslint": {
      "version": "3.4.1",
      "resolved": "https://registry.npmjs.org/@vue/cli-plugin-eslint/-/cli-plugin-eslint-3.4.1.tgz",
      "integrity": "sha512-1Ka7PyEatxkpoHEz2u5J/4E2joaUFs0UDrvsKLVbtz05LYpv/HHwFWCmhbZPZ1GSLDeEewwQ11fBgeQZAE5TYw==",
      "dev": true,
      "dependencies": {
        "ajv": {
          "version": "5.5.2",
          "resolved": "https://registry.npmjs.org/ajv/-/ajv-5.5.2.tgz",
          "integrity": "sha1-c7Xuyj+rZT49P5Qis0GtQiBdyWU="
        },
        "ansi-regex": {
          "version": "3.0.0",
          "resolved": "https://registry.npmjs.org/ansi-regex/-/ansi-regex-3.0.0.tgz",
          "integrity": "sha1-7QMXwyIGT3lGbAKWa922Bas32Zg="
        },
        "cross-spawn": {
          "version": "5.1.0",
          "resolved": "https://registry.npmjs.org/cross-spawn/-/cross-spawn-5.1.0.tgz",
          "integrity": "sha1-6L0O/uWPz/b4+UUQoKVUu/ojVEk="
        },
        "debug": {
          "version": "3.2.6",
          "resolved": "https://registry.npmjs.org/debug/-/debug-3.2.6.tgz",
          "integrity": "sha512-mel+jf7nrtEl5Pn1Qx46zARXKDpBbvzezse7p7LqINmdoIk8PYP5SySaxEmYv6TZ0JyEKA1hsCId6DIhgITtWQ=="
        },
        "eslint": {
          "version": "4.19.1",
          "resolved": "https://registry.npmjs.org/eslint/-/eslint-4.19.1.tgz",
          "integrity": "sha512-bT3/1x1EbZB7phzYu7vCr1v3ONuzDtX8WjuM9c0iYxe+cq+pwcKEoQjl7zd3RpC6YOLgnSy3cTN58M2jcoPDIQ=="
        },
        "eslint-plugin-vue": {
          "version": "4.7.1",
          "resolved": "https://registry.npmjs.org/eslint-plugin-vue/-/eslint-plugin-vue-4.7.1.tgz",
          "integrity": "sha512-esETKhVMI7Vdli70Wt4bvAwnZBJeM0pxVX9Yb0wWKxdCJc2EADalVYK/q2FzMw8oKN0wPMdqVCKS8kmR89recA=="
        },
        "eslint-scope": {
          "version": "3.7.3",
          "resolved": "https://registry.npmjs.org/eslint-scope/-/eslint-scope-3.7.3.tgz",
          "integrity": "sha512-W+B0SvF4gamyCTmUc+uITPY0989iXVfKvhwtmJocTaYoc/3khEHmEmvfY/Gn9HA9VV75jrQECsHizkNw1b68FA=="
        },
        "fast-deep-equal": {
          "version": "1.1.0",
          "resolved": "https://registry.npmjs.org/fast-deep-equal/-/fast-deep-equal-1.1.0.tgz",
          "integrity": "sha1-wFNHeBfIa1HaqFPIHgWbcz0CNhQ="
        },
        "json-schema-traverse": {
          "version": "0.3.1",
          "resolved": "https://registry.npmjs.org/json-schema-traverse/-/json-schema-traverse-0.3.1.tgz",
          "integrity": "sha1-NJptRMU6Ud6JtAgFxdXlm0F9M0A="
        },
        "lru-cache": {
          "version": "4.1.5",
          "resolved": "https://registry.npmjs.org/lru-cache/-/lru-cache-4.1.5.tgz",
          "integrity": "sha512-sWZlbEP2OsHNkXrMl5GYk/jKk70MBng6UU4YI/qGDYbgf6YbP4EvmqISbXCoJiRKs+1bSpFHVgQxvJ17F2li5g=="
        },
        "strip-ansi": {
          "version": "4.0.0",
          "resolved": "https://registry.npmjs.org/strip-ansi/-/strip-ansi-4.0.0.tgz",
          "integrity": "sha1-qEeQIusaw2iocTibY1JixQXuNo8="
        },
        "yallist": {
          "version": "2.1.2",
          "resolved": "https://registry.npmjs.org/yallist/-/yallist-2.1.2.tgz",
          "integrity": "sha1-HBH5IY8HYImkfdUS+TxmmaaoHVI="
        }
      }
    },
    "@vue/cli-service": {
      "version": "3.4.1",
      "resolved": "https://registry.npmjs.org/@vue/cli-service/-/cli-service-3.4.1.tgz",
      "integrity": "sha512-HAF2yeafVJVKiBaapvbVIK4cM+lDU4r6aJzbKLOonzQrnI45T2NLEvYC+9uW7C5LvC1d4g1XUx25Q8ixSBKegQ==",
      "dev": true,
      "dependencies": {
        "acorn": {
          "version": "6.1.1",
          "resolved": "https://registry.npmjs.org/acorn/-/acorn-6.1.1.tgz",
          "integrity": "sha512-jPTiwtOxaHNaAPg/dmrJ/beuzLRnXtB0kQPQ8JpotKJgTB6rX6c8mlf315941pyjBSaPg8NHXS9fhP4u17DpGA=="
        }
      }
    },
    "babel-eslint": {
      "version": "10.0.1",
      "resolved": "https://registry.npmjs.org/babel-eslint/-/babel-eslint-10.0.1.tgz",
      "integrity": "sha512-z7OT1iNV+TjOwHNLLyJk+HN+YVWX+CLE6fPD2SymJZOZQBs+QIexFjhm4keGTm8MW9xr4EC9Q0PbaLB24V5GoQ==",
      "dev": true,
      "dependencies": {
        "eslint-scope": {
          "version": "3.7.1",
          "resolved": "https://registry.npmjs.org/eslint-scope/-/eslint-scope-3.7.1.tgz",
          "integrity": "sha1-PWPD7f2gLgbgGkUq2IyqzHzctug="
        }
      }
    },
    "bootstrap": {
      "version": "4.3.1",
      "resolved": "https://registry.npmjs.org/bootstrap/-/bootstrap-4.3.1.tgz",
      "integrity": "sha512-rXqOmH1VilAt2DyPzluTi2blhk17bO7ef+zLLPlWvG494pDxcM234pJ8wTc/6R40UWizAIIMgxjvxZg5kmsbag=="
    },
    "eslint": {
      "version": "5.15.0",
      "resolved": "https://registry.npmjs.org/eslint/-/eslint-5.15.0.tgz",
      "integrity": "sha512-xwG7SS5JLeqkiR3iOmVgtF8Y6xPdtr6AAsN6ph7Q6R/fv+3UlKYoika8SmNzmb35qdRF+RfTY35kMEdtbi+9wg==",
      "dev": true,
      "dependencies": {
        "acorn": {
          "version": "6.1.1",
          "resolved": "https://registry.npmjs.org/acorn/-/acorn-6.1.1.tgz",
          "integrity": "sha512-jPTiwtOxaHNaAPg/dmrJ/beuzLRnXtB0kQPQ8JpotKJgTB6rX6c8mlf315941pyjBSaPg8NHXS9fhP4u17DpGA=="
        },
        "acorn-jsx": {
          "version": "5.0.1",
          "resolved": "https://registry.npmjs.org/acorn-jsx/-/acorn-jsx-5.0.1.tgz",
          "integrity": "sha512-HJ7CfNHrfJLlNTzIEUTj43LNWGkqpRLxm3YjAlcD0ACydk9XynzYsCBHxut+iqt+1aBXkx9UP/w/ZqMr13XIzg=="
        },
        "chardet": {
          "version": "0.7.0",
          "resolved": "https://registry.npmjs.org/chardet/-/chardet-0.7.0.tgz",
          "integrity": "sha512-mT8iDcrh03qDGRRmoA2hmBJnxpllMR+0/0qlzjqZES6NdiWDcZkCNAk4rPFZ9Q85r27unkiNNg8ZOiwZXBHwcA=="
        },
        "doctrine": {
          "version": "3.0.0",
          "resolved": "https://registry.npmjs.org/doctrine/-/doctrine-3.0.0.tgz",
          "integrity": "sha512-yS+Q5i3hBf7GBkd4KG8a7eBNNWNGLTaEwwYWUijIYM7zrlYDM0BFXHjjPWlWZ1Rg7UaddZeIDmi9jF3HmqiQ2w=="
        },
        "espree": {
          "version": "5.0.1",
          "resolved": "https://registry.npmjs.org/espree/-/espree-5.0.1.tgz",
          "integrity": "sha512-qWAZcWh4XE/RwzLJejfcofscgMc9CamR6Tn1+XRXNzrvUSSbiAjGOI/fggztjIi7y9VLPqnICMIPiGyr8JaZ0A=="
        },
        "external-editor": {
          "version": "3.0.3",
          "resolved": "https://registry.npmjs.org/external-editor/-/external-editor-3.0.3.tgz",
          "integrity": "sha512-bn71H9+qWoOQKyZDo25mOMVpSmXROAsTJVVVYzrrtol3d4y+AsKjf4Iwl2Q+IuT0kFSQ1qo166UuIwqYq7mGnA=="
        },
        "file-entry-cache": {
          "version": "5.0.1",
          "resolved": "https://registry.npmjs.org/file-entry-cache/-/file-entry-cache-5.0.1.tgz",
          "integrity": "sha512-bCg29ictuBaKUwwArK4ouCaqDgLZcysCFLmM/Yn/FDoqndh/9vNuQfXRDvTuXKLxfD/JtZQGKFT8MGcJBK644g=="
        },
        "flat-cache": {
          "version": "2.0.1",
          "resolved": "https://registry.npmjs.org/flat-cache/-/flat-cache-2.0.1.tgz",
          "integrity": "sha512-LoQe6yDuUMDzQAEH8sgmh4Md6oZnc/7PjtwjNFSzveXqSHt6ka9fPBuso7IGf9Rz4uqnSnWiFH2B/zj24a5ReA=="
        },
        "ignore": {
          "version": "4.0.6",
          "resolved": "https://registry.npmjs.org/ignore/-/ignore-4.0.6.tgz",
          "integrity": "sha512-cyFDKrqc/YdcWFniJhzI42+AzS+gNwmUzOSFcRCQYwySuBBBy/KjuxWLZ/FHEH6Moq1NizMOBWyTcv8O4OZIMg=="
        },
        "import-fresh": {
          "version": "3.0.0",
          "resolved": "https://registry.npmjs.org/import-fresh/-/import-fresh-3.0.0.tgz",
          "integrity": "sha512-pOnA9tfM3Uwics+SaBLCNyZZZbK+4PTu0OPZtLlMIrv17EdBoC15S9Kn8ckJ9TZTyKb3ywNE5y1yeDxxGA7nTQ=="
        },
        "inquirer": {
          "version": "6.2.2",
          "resolved": "https://registry.npmjs.org/inquirer/-/inquirer-6.2.2.tgz",
          "integrity": "sha512-Z2rREiXA6cHRR9KBOarR3WuLlFzlIfAEIiB45ll5SSadMg7WqOh1MKEjjndfuH5ewXdixWCxqnVfGOQzPeiztA==",
          "dependencies": {
            "strip-ansi": {
              "version": "5.0.0",
              "resolved": "https://registry.npmjs.org/strip-ansi/-/strip-ansi-5.0.0.tgz",
              "integrity": "sha512-Uu7gQyZI7J7gn5qLn1Np3G9vcYGTVqB+lFTytnDJv83dd8T22aGH451P3jueT2/QemInJDfxHB5Tde5OzgG1Ow=="
            }
          }
        },
        "regexpp": {
          "version": "2.0.1",
          "resolved": "https://registry.npmjs.org/regexpp/-/regexpp-2.0.1.tgz",
          "integrity": "sha512-lv0M6+TkDVniA3aD1Eg0DVpfU/booSu7Eev3TDO/mZKHBfVjgCGTV4t4buppESEYDtkArYFOxTJWv6S5C+iaNw=="
        },
        "resolve-from": {
          "version": "4.0.0",
          "resolved": "https://registry.npmjs.org/resolve-from/-/resolve-from-4.0.0.tgz",
          "integrity": "sha512-pb/MYmXstAkysRFx8piNI1tGFNQIFA3vkE3Gq4EuA1dF6gHp/+vgZqsCGJapvy8N3Q+4o7FwvquPJcnZ7RYy4g=="
        },
        "slice-ansi": {
          "version": "2.1.0",
          "resolved": "https://registry.npmjs.org/slice-ansi/-/slice-ansi-2.1.0.tgz",
          "integrity": "sha512-Qu+VC3EwYLldKa1fCxuuvULvSJOKEgk9pi8dZeCVK7TqBfUNTH4sFkk4joj8afVSfAYgJoSOetjx9QWOJ5mYoQ=="
        },
        "strip-ansi": {
          "version": "4.0.0",
          "resolved": "https://registry.npmjs.org/strip-ansi/-/strip-ansi-4.0.0.tgz",
          "integrity": "sha1-qEeQIusaw2iocTibY1JixQXuNo8=",
          "dependencies": {
            "ansi-regex": {
              "version": "3.0.0",
              "resolved": "https://registry.npmjs.org/ansi-regex/-/ansi-regex-3.0.0.tgz",
              "integrity": "sha1-7QMXwyIGT3lGbAKWa922Bas32Zg="
            }
          }
        },
        "table": {
          "version": "5.2.3",
          "resolved": "https://registry.npmjs.org/table/-/table-5.2.3.tgz",
          "integrity": "sha512-N2RsDAMvDLvYwFcwbPyF3VmVSSkuF+G1e+8inhBLtHpvwXGw4QRPEZhihQNeEN0i1up6/f6ObCJXNdlRG3YVyQ==",
          "dependencies": {
            "string-width": {
              "version": "3.0.0",
              "resolved": "https://registry.npmjs.org/string-width/-/string-width-3.0.0.tgz",
              "integrity": "sha512-rr8CUxBbvOZDUvc5lNIJ+OC1nPVpz+Siw9VBtUjB9b6jZehZLFt0JMCZzShFHIsI8cbhm0EsNIfWJMFV3cu3Ew=="
            },
            "strip-ansi": {
              "version": "5.0.0",
              "resolved": "https://registry.npmjs.org/strip-ansi/-/strip-ansi-5.0.0.tgz",
              "integrity": "sha512-Uu7gQyZI7J7gn5qLn1Np3G9vcYGTVqB+lFTytnDJv83dd8T22aGH451P3jueT2/QemInJDfxHB5Tde5OzgG1Ow=="
            }
          }
        },
        "write": {
          "version": "1.0.3",
          "resolved": "https://registry.npmjs.org/write/-/write-1.0.3.tgz",
          "integrity": "sha512-/lg70HAjtkUgWPVZhZcm+T4hkL8Zbtp1nFNOn3lRrxnlv50SRBv7cR7RqR+GMsd3hUXy9hWBo4CHTbFTcOYwig=="
        }
      }
    },
    "eslint-plugin-vue": {
      "version": "5.2.2",
      "resolved": "https://registry.npmjs.org/eslint-plugin-vue/-/eslint-plugin-vue-5.2.2.tgz",
      "integrity": "sha512-CtGWH7IB0DA6BZOwcV9w9q3Ri6Yuo8qMjx05SmOGJ6X6E0Yo3y9E/gQ5tuNxg2dEt30tRnBoFTbvtmW9iEoyHA==",
      "dev": true,
      "dependencies": {
        "acorn": {
          "version": "6.1.1",
          "resolved": "https://registry.npmjs.org/acorn/-/acorn-6.1.1.tgz",
          "integrity": "sha512-jPTiwtOxaHNaAPg/dmrJ/beuzLRnXtB0kQPQ8JpotKJgTB6rX6c8mlf315941pyjBSaPg8NHXS9fhP4u17DpGA=="
        },
        "acorn-jsx": {
          "version": "5.0.1",
          "resolved": "https://registry.npmjs.org/acorn-jsx/-/acorn-jsx-5.0.1.tgz",
          "integrity": "sha512-HJ7CfNHrfJLlNTzIEUTj43LNWGkqpRLxm3YjAlcD0ACydk9XynzYsCBHxut+iqt+1aBXkx9UP/w/ZqMr13XIzg=="
        },
        "espree": {
          "version": "4.1.0",
          "resolved": "https://registry.npmjs.org/espree/-/espree-4.1.0.tgz",
          "integrity": "sha512-I5BycZW6FCVIub93TeVY1s7vjhP9CY6cXCznIRfiig7nRviKZYdRnj/sHEWC6A7WE9RDWOFq9+7OsWSYz8qv2w=="
        },
        "vue-eslint-parser": {
          "version": "5.0.0",
          "resolved": "https://registry.npmjs.org/vue-eslint-parser/-/vue-eslint-parser-5.0.0.tgz",
          "integrity": "sha512-JlHVZwBBTNVvzmifwjpZYn0oPWH2SgWv5dojlZBsrhablDu95VFD+hriB1rQGwbD+bms6g+rAFhQHk6+NyiS6g=="
        }
      }
    },
    "jquery": {
      "version": "3.5.0",
      "resolved": "https://registry.npmjs.org/jquery/-/jquery-3.5.0.tgz",
      "integrity": "sha512-Xb7SVYMvygPxbFMpTFQiHh1J7HClEaThguL15N/Gg37Lri/qKyhRGZYzHRyLH8Stq3Aow0LsHO2O2ci86fCrNQ=="
    },
    "popper.js": {
      "version": "1.14.7",
      "resolved": "https://registry.npmjs.org/popper.js/-/popper.js-1.14.7.tgz",
      "integrity": "sha512-4q1hNvoUre/8srWsH7hnoSJ5xVmIL4qgz+s4qf2TnJIMyZFUFMGH+9vE7mXynAlHSZ/NdTmmow86muD0myUkVQ=="
    },
    "vue": {
      "version": "2.6.8",
      "resolved": "https://registry.npmjs.org/vue/-/vue-2.6.8.tgz",
      "integrity": "sha512-+vp9lEC2Kt3yom673pzg1J7T1NVGuGzO9j8Wxno+rQN2WYVBX2pyo/RGQ3fXCLh2Pk76Skw/laAPCuBuEQ4diw=="
    },
    "vue-router": {
      "version": "3.0.2",
      "resolved": "https://registry.npmjs.org/vue-router/-/vue-router-3.0.2.tgz",
      "integrity": "sha512-opKtsxjp9eOcFWdp6xLQPLmRGgfM932Tl56U9chYTnoWqKxQ8M20N7AkdEbM5beUh6wICoFGYugAX9vQjyJLFg=="
    },
    "vue-template-compiler": {
      "version": "2.6.8",
      "resolved": "https://registry.npmjs.org/vue-template-compiler/-/vue-template-compiler-2.6.8.tgz",
      "integrity": "sha512-SwWKANE5ee+oJg+dEJmsdxsxWYICPsNwk68+1AFjOS8l0O/Yz2845afuJtFqf3UjS/vXG7ECsPeHHEAD65Cjng==",
      "dev": true
    }
  }
}
